{
  "nodes": {
    "nimble": {
      "inputs": {
        "nixpkgs": "nixpkgs"
      },
      "locked": {
        "lastModified": 1619705236,
        "narHash": "sha256-cFtlIebGDRb5BYe8DNPuorNh1uQjyCtg3d0zvX4USco=",
        "owner": "nix-community",
        "repo": "flake-nimble",
        "rev": "7f482a224266d159e7963c123aee6ee863ed0141",
        "type": "github"
      },
      "original": {
        "id": "nimble",
        "type": "indirect"
      }
    },
    "nixpkgs": {
      "locked": {
        "lastModified": 1607766819,
        "narHash": "sha256-bluEp6ld6wmpeLl5MQPQOpxWMDLnUYyQNEk2rMlAyiU=",
        "owner": "NixOS",
        "repo": "nixpkgs",
        "rev": "f448ec33655c48d7306456bee77f3cdabf3757fa",
        "type": "github"
      },
      "original": {
        "id": "nixpkgs",
        "type": "indirect"
      }
    },
    "root": {
      "inputs": {
        "nimble": "nimble"
      }
    }
  },
  "root": "root",
  "version": 7
}
