{
  "nodes": {
    "nixpkgs": {
      "locked": {
        "lastModified": 1630833602,
        "narHash": "sha256-iU9FVLvVb1LjmkjcauF0tQ1j0tN2mOX0iVcwxZj9jtA=",
        "owner": "ehmry",
        "repo": "nixpkgs",
        "rev": "35de51aa26aa3f2357984ebef214f3f380162b30",
        "type": "github"
      },
      "original": {
        "owner": "ehmry",
        "ref": "nimPackages",
        "repo": "nixpkgs",
        "type": "github"
      }
    },
    "root": {
      "inputs": {
        "nixpkgs": "nixpkgs"
      }
    }
  },
  "root": "root",
  "version": 7
}
